{
  "name": "wechat-app-mall",
  "version": "7.4.1",
  "lockfileVersion": 1,
  "requires": true,
  "dependencies": {
    "apifm-wxapi": {
      "version": "3.36.0",
      "resolved": "https://registry.npmjs.org/apifm-wxapi/-/apifm-wxapi-3.36.0.tgz",
      "integrity": "sha512-NkJ83foxe40D7wso72XR+1S5zbuyJOVepoPrcfF3INLpxbahmPFGw70GalNFT8i+pfwKPjGkWYlHk6m06e8xgQ=="
    },
    "wxa-plugin-canvas": {
      "version": "1.1.12",
      "resolved": "https://registry.npmjs.org/wxa-plugin-canvas/-/wxa-plugin-canvas-1.1.12.tgz",
      "integrity": "sha512-iMmGFjXYminWm/yni0n/MprSUReAQpIL9LWLsJfr0Na/pt4Chzs2VbLsEtflZx11qtrDcfM7+1eCgj1ju6TN4w=="
    }
  }
}
